
Microsoft Visual Studio Solution File, Format Version 12.00
# Visual Studio 15
Project("{FAE04EC0-301F-11D3-BF4B-00C04F79EFBC}") = "Assembly-CSharp", "Assembly-CSharp.csproj", "{917ED06A-4FB6-291E-81EB-4B690A2F37DD}"
EndProject
Global
	GlobalSection(SolutionConfigurationPlatforms) = preSolution
		Debug|Any CPU = Debug|Any CPU
		Release|Any CPU = Release|Any CPU
	EndGlobalSection
	GlobalSection(ProjectConfigurationPlatforms) = postSolution
		{917ED06A-4FB6-291E-81EB-4B690A2F37DD}.Debug|Any CPU.ActiveCfg = Debug|Any CPU
		{917ED06A-4FB6-291E-81EB-4B690A2F37DD}.Debug|Any CPU.Build.0 = Debug|Any CPU
		{917ED06A-4FB6-291E-81EB-4B690A2F37DD}.Release|Any CPU.ActiveCfg = Release|Any CPU
		{917ED06A-4FB6-291E-81EB-4B690A2F37DD}.Release|Any CPU.Build.0 = Release|Any CPU
	EndGlobalSection
	GlobalSection(SolutionProperties) = preSolution
		HideSolutionNode = FALSE
	EndGlobalSection
EndGlobal
